
Microsoft Visual Studio Solution File, Format Version 12.00
# Visual Studio 15
VisualStudioVersion = 15.0.27130.2036
MinimumVisualStudioVersion = 10.0.40219.1
Project("{FAE04EC0-301F-11D3-BF4B-00C04F79EFBC}") = "forLoop1-100", "forLoop1-100\forLoop1-100.csproj", "{17DF1C19-0CD3-4C1D-9680-4627D0FF48B7}"
EndProject
Global
	GlobalSection(SolutionConfigurationPlatforms) = preSolution
		Debug|Any CPU = Debug|Any CPU
		Release|Any CPU = Release|Any CPU
	EndGlobalSection
	GlobalSection(ProjectConfigurationPlatforms) = postSolution
		{17DF1C19-0CD3-4C1D-9680-4627D0FF48B7}.Debug|Any CPU.ActiveCfg = Debug|Any CPU
		{17DF1C19-0CD3-4C1D-9680-4627D0FF48B7}.Debug|Any CPU.Build.0 = Debug|Any CPU
		{17DF1C19-0CD3-4C1D-9680-4627D0FF48B7}.Release|Any CPU.ActiveCfg = Release|Any CPU
		{17DF1C19-0CD3-4C1D-9680-4627D0FF48B7}.Release|Any CPU.Build.0 = Release|Any CPU
	EndGlobalSection
	GlobalSection(SolutionProperties) = preSolution
		HideSolutionNode = FALSE
	EndGlobalSection
	GlobalSection(ExtensibilityGlobals) = postSolution
		SolutionGuid = {829E98D3-9881-4314-9670-85D807C08F71}
	EndGlobalSection
EndGlobal
