
Microsoft Visual Studio Solution File, Format Version 12.00
# Visual Studio 15
VisualStudioVersion = 15.0.27130.2036
MinimumVisualStudioVersion = 10.0.40219.1
Project("{FAE04EC0-301F-11D3-BF4B-00C04F79EFBC}") = "do-while1-100", "do-while1-100\do-while1-100.csproj", "{F3B97467-BACB-4B9A-B9FA-CE3DAEFC291D}"
EndProject
Global
	GlobalSection(SolutionConfigurationPlatforms) = preSolution
		Debug|Any CPU = Debug|Any CPU
		Release|Any CPU = Release|Any CPU
	EndGlobalSection
	GlobalSection(ProjectConfigurationPlatforms) = postSolution
		{F3B97467-BACB-4B9A-B9FA-CE3DAEFC291D}.Debug|Any CPU.ActiveCfg = Debug|Any CPU
		{F3B97467-BACB-4B9A-B9FA-CE3DAEFC291D}.Debug|Any CPU.Build.0 = Debug|Any CPU
		{F3B97467-BACB-4B9A-B9FA-CE3DAEFC291D}.Release|Any CPU.ActiveCfg = Release|Any CPU
		{F3B97467-BACB-4B9A-B9FA-CE3DAEFC291D}.Release|Any CPU.Build.0 = Release|Any CPU
	EndGlobalSection
	GlobalSection(SolutionProperties) = preSolution
		HideSolutionNode = FALSE
	EndGlobalSection
	GlobalSection(ExtensibilityGlobals) = postSolution
		SolutionGuid = {61C39742-021C-438F-B388-077CE0090F83}
	EndGlobalSection
EndGlobal
